{
  "name": "linkedin-clone-1",
  "lockfileVersion": 3,
  "requires": true,
  "packages": {
    "": {
      "dependencies": {
        "react-image-select": "^1.0.1"
      }
    },
    "node_modules/react-image-select": {
      "version": "1.0.1",
      "resolved": "https://registry.npmjs.org/react-image-select/-/react-image-select-1.0.1.tgz",
      "integrity": "sha512-nEGDxmCK030iZD/STn+8J40qev8dNBmPpR9lNzJYKC7PDd5ZZBj42ZXro8nBMRWGnEFwfFaxTsqKK0/s4/PFPw=="
    }
  }
}
